{
  "name": "hexo-site",
  "version": "0.0.0",
  "lockfileVersion": 1,
  "requires": true,
  "dependencies": {
    "ejs": {
      "version": "2.5.7",
      "resolved": "https://registry.npmjs.org/ejs/-/ejs-2.5.7.tgz",
      "integrity": "sha1-zIcsFoiArjxxiXYv1f/ACJbJUYo="
    },
    "hexo-generator-archive": {
      "version": "0.1.5",
      "resolved": "https://registry.npmjs.org/hexo-generator-archive/-/hexo-generator-archive-0.1.5.tgz",
      "integrity": "sha512-jPbMtibqkJnAX3hCwhYhK3r6cqy9OKQsVEScjk7LDok+iPmFmkKCNdU/OccxGe1CWAZpT+ta4+LknwNeHG2G4w==",
      "requires": {
        "hexo-pagination": "0.0.2",
        "object-assign": "2.1.1"
      },
      "dependencies": {
        "object-assign": {
          "version": "2.1.1",
          "resolved": "https://registry.npmjs.org/object-assign/-/object-assign-2.1.1.tgz",
          "integrity": "sha1-Q8NuXVaf+OSBbE76i+AtJpZ8GKo="
        }
      }
    },
    "hexo-generator-category": {
      "version": "0.1.3",
      "resolved": "https://registry.npmjs.org/hexo-generator-category/-/hexo-generator-category-0.1.3.tgz",
      "integrity": "sha1-uealhiUwqDvdfaTIGcG58+TMtLI=",
      "requires": {
        "hexo-pagination": "0.0.2",
        "object-assign": "2.1.1"
      },
      "dependencies": {
        "object-assign": {
          "version": "2.1.1",
          "resolved": "https://registry.npmjs.org/object-assign/-/object-assign-2.1.1.tgz",
          "integrity": "sha1-Q8NuXVaf+OSBbE76i+AtJpZ8GKo="
        }
      }
    },
    "hexo-generator-index": {
      "version": "0.2.1",
      "resolved": "https://registry.npmjs.org/hexo-generator-index/-/hexo-generator-index-0.2.1.tgz",
      "integrity": "sha1-kEIin8rHmq9wBXXaGTMr8/fuXF0=",
      "requires": {
        "hexo-pagination": "0.0.2",
        "object-assign": "4.1.1"
      }
    },
    "hexo-generator-tag": {
      "version": "0.2.0",
      "resolved": "https://registry.npmjs.org/hexo-generator-tag/-/hexo-generator-tag-0.2.0.tgz",
      "integrity": "sha1-xXFYRrtB5X2cIMHWbX2yGhq/emI=",
      "requires": {
        "hexo-pagination": "0.0.2",
        "object-assign": "4.1.1"
      }
    },
    "hexo-pagination": {
      "version": "0.0.2",
      "resolved": "https://registry.npmjs.org/hexo-pagination/-/hexo-pagination-0.0.2.tgz",
      "integrity": "sha1-jPRwx9sN5bGKOSanbesZQBXffys=",
      "requires": {
        "utils-merge": "1.0.1"
      }
    },
    "hexo-renderer-ejs": {
      "version": "0.3.1",
      "resolved": "https://registry.npmjs.org/hexo-renderer-ejs/-/hexo-renderer-ejs-0.3.1.tgz",
      "integrity": "sha512-XN8pYJU+Wr3dT8ipqEPRlOBySJpd1C5NUBBzgZpVSVBC/6L36O0YZI/Qd5NxQqwfGfSuKQ8N5iMyjmRXSR1MdA==",
      "requires": {
        "ejs": "2.5.7",
        "object-assign": "4.1.1"
      }
    },
    "object-assign": {
      "version": "4.1.1",
      "resolved": "https://registry.npmjs.org/object-assign/-/object-assign-4.1.1.tgz",
      "integrity": "sha1-IQmtx5ZYh8/AXLvUQsrIv7s2CGM="
    },
    "utils-merge": {
      "version": "1.0.1",
      "resolved": "https://registry.npmjs.org/utils-merge/-/utils-merge-1.0.1.tgz",
      "integrity": "sha1-n5VxD1CiZ5R7LMwSR0HBAoQn5xM="
    }
  }
}
